// !$*UTF8*$!
{
	archiveVersion = 1;
	classes = {
	};
	objectVersion = 55;
	objects = {

/* Begin PBXBuildFile section */
		EAD118D4278D738A0033E8EA /* AppDelegate.swift in Sources */ = {isa = PBXBuildFile; fileRef = EAD118D3278D738A0033E8EA /* AppDelegate.swift */; };
		EAD118D6278D738A0033E8EA /* SceneDelegate.swift in Sources */ = {isa = PBXBuildFile; fileRef = EAD118D5278D738A0033E8EA /* SceneDelegate.swift */; };
		EAD118DB278D738A0033E8EA /* Main.storyboard in Resources */ = {isa = PBXBuildFile; fileRef = EAD118D9278D738A0033E8EA /* Main.storyboard */; };
		EAD118DD278D738B0033E8EA /* Assets.xcassets in Resources */ = {isa = PBXBuildFile; fileRef = EAD118DC278D738B0033E8EA /* Assets.xcassets */; };
		EAD118E0278D738B0033E8EA /* LaunchScreen.storyboard in Resources */ = {isa = PBXBuildFile; fileRef = EAD118DE278D738B0033E8EA /* LaunchScreen.storyboard */; };
		EAD118E8278D85810033E8EA /* MakeTableViewCell.swift in Sources */ = {isa = PBXBuildFile; fileRef = EAD118E7278D85810033E8EA /* MakeTableViewCell.swift */; };
		EAD118EA278D8E7D0033E8EA /* VehicleMakeTableViewController.swift in Sources */ = {isa = PBXBuildFile; fileRef = EAD118E9278D8E7D0033E8EA /* VehicleMakeTableViewController.swift */; };
		EAD118EC278DCB280033E8EA /* VehicleMakeDetailsViewController.swift in Sources */ = {isa = PBXBuildFile; fileRef = EAD118EB278DCB280033E8EA /* VehicleMakeDetailsViewController.swift */; };
		EAE6F715279031E900EA3C8B /* VehicleManufacturorModel.swift in Sources */ = {isa = PBXBuildFile; fileRef = EAE6F714279031E900EA3C8B /* VehicleManufacturorModel.swift */; };
		EAE6F7172790362F00EA3C8B /* ManufacturorDiffableDataSource.swift in Sources */ = {isa = PBXBuildFile; fileRef = EAE6F7162790362F00EA3C8B /* ManufacturorDiffableDataSource.swift */; };
		EAE6F71D2790617500EA3C8B /* MakeDetailHeaderView.swift in Sources */ = {isa = PBXBuildFile; fileRef = EAE6F71C2790617500EA3C8B /* MakeDetailHeaderView.swift */; };
/* End PBXBuildFile section */

/* Begin PBXFileReference section */
		EAD118D0278D738A0033E8EA /* WestCoast-Cars.app */ = {isa = PBXFileReference; explicitFileType = wrapper.application; includeInIndex = 0; path = "WestCoast-Cars.app"; sourceTree = BUILT_PRODUCTS_DIR; };
		EAD118D3278D738A0033E8EA /* AppDelegate.swift */ = {isa = PBXFileReference; lastKnownFileType = sourcecode.swift; path = AppDelegate.swift; sourceTree = "<group>"; };
		EAD118D5278D738A0033E8EA /* SceneDelegate.swift */ = {isa = PBXFileReference; lastKnownFileType = sourcecode.swift; path = SceneDelegate.swift; sourceTree = "<group>"; };
		EAD118DA278D738A0033E8EA /* Base */ = {isa = PBXFileReference; lastKnownFileType = file.storyboard; name = Base; path = Base.lproj/Main.storyboard; sourceTree = "<group>"; };
		EAD118DC278D738B0033E8EA /* Assets.xcassets */ = {isa = PBXFileReference; lastKnownFileType = folder.assetcatalog; path = Assets.xcassets; sourceTree = "<group>"; };
		EAD118DF278D738B0033E8EA /* Base */ = {isa = PBXFileReference; lastKnownFileType = file.storyboard; name = Base; path = Base.lproj/LaunchScreen.storyboard; sourceTree = "<group>"; };
		EAD118E1278D738B0033E8EA /* Info.plist */ = {isa = PBXFileReference; lastKnownFileType = text.plist.xml; path = Info.plist; sourceTree = "<group>"; };
		EAD118E7278D85810033E8EA /* MakeTableViewCell.swift */ = {isa = PBXFileReference; lastKnownFileType = sourcecode.swift; path = MakeTableViewCell.swift; sourceTree = "<group>"; };
		EAD118E9278D8E7D0033E8EA /* VehicleMakeTableViewController.swift */ = {isa = PBXFileReference; lastKnownFileType = sourcecode.swift; path = VehicleMakeTableViewController.swift; sourceTree = "<group>"; };
		EAD118EB278DCB280033E8EA /* VehicleMakeDetailsViewController.swift */ = {isa = PBXFileReference; lastKnownFileType = sourcecode.swift; path = VehicleMakeDetailsViewController.swift; sourceTree = "<group>"; };
		EAE6F714279031E900EA3C8B /* VehicleManufacturorModel.swift */ = {isa = PBXFileReference; lastKnownFileType = sourcecode.swift; path = VehicleManufacturorModel.swift; sourceTree = "<group>"; };
		EAE6F7162790362F00EA3C8B /* ManufacturorDiffableDataSource.swift */ = {isa = PBXFileReference; lastKnownFileType = sourcecode.swift; path = ManufacturorDiffableDataSource.swift; sourceTree = "<group>"; };
		EAE6F71C2790617500EA3C8B /* MakeDetailHeaderView.swift */ = {isa = PBXFileReference; lastKnownFileType = sourcecode.swift; path = MakeDetailHeaderView.swift; sourceTree = "<group>"; };
/* End PBXFileReference section */

/* Begin PBXFrameworksBuildPhase section */
		EAD118CD278D738A0033E8EA /* Frameworks */ = {
			isa = PBXFrameworksBuildPhase;
			buildActionMask = 2147483647;
			files = (
			);
			runOnlyForDeploymentPostprocessing = 0;
		};
/* End PBXFrameworksBuildPhase section */

/* Begin PBXGroup section */
		EAD118C7278D738A0033E8EA = {
			isa = PBXGroup;
			children = (
				EAD118D2278D738A0033E8EA /* WestCoast-Cars */,
				EAD118D1278D738A0033E8EA /* Products */,
			);
			sourceTree = "<group>";
		};
		EAD118D1278D738A0033E8EA /* Products */ = {
			isa = PBXGroup;
			children = (
				EAD118D0278D738A0033E8EA /* WestCoast-Cars.app */,
			);
			name = Products;
			sourceTree = "<group>";
		};
		EAD118D2278D738A0033E8EA /* WestCoast-Cars */ = {
			isa = PBXGroup;
			children = (
				EAE6F71A279055A200EA3C8B /* Controllers */,
				EAE6F7192790557000EA3C8B /* Views */,
				EAE6F7182790556000EA3C8B /* Models */,
				EAD118D3278D738A0033E8EA /* AppDelegate.swift */,
				EAD118D5278D738A0033E8EA /* SceneDelegate.swift */,
				EAD118D9278D738A0033E8EA /* Main.storyboard */,
				EAD118DC278D738B0033E8EA /* Assets.xcassets */,
				EAD118DE278D738B0033E8EA /* LaunchScreen.storyboard */,
				EAD118E1278D738B0033E8EA /* Info.plist */,
			);
			path = "WestCoast-Cars";
			sourceTree = "<group>";
		};
		EAE6F7182790556000EA3C8B /* Models */ = {
			isa = PBXGroup;
			children = (
				EAE6F714279031E900EA3C8B /* VehicleManufacturorModel.swift */,
				EAE6F7162790362F00EA3C8B /* ManufacturorDiffableDataSource.swift */,
			);
			path = Models;
			sourceTree = "<group>";
		};
		EAE6F7192790557000EA3C8B /* Views */ = {
			isa = PBXGroup;
			children = (
				EAD118E7278D85810033E8EA /* MakeTableViewCell.swift */,
				EAE6F71C2790617500EA3C8B /* MakeDetailHeaderView.swift */,
			);
			path = Views;
			sourceTree = "<group>";
		};
		EAE6F71A279055A200EA3C8B /* Controllers */ = {
			isa = PBXGroup;
			children = (
				EAD118EB278DCB280033E8EA /* VehicleMakeDetailsViewController.swift */,
				EAD118E9278D8E7D0033E8EA /* VehicleMakeTableViewController.swift */,
			);
			path = Controllers;
			sourceTree = "<group>";
		};
/* End PBXGroup section */

/* Begin PBXNativeTarget section */
		EAD118CF278D738A0033E8EA /* WestCoast-Cars */ = {
			isa = PBXNativeTarget;
			buildConfigurationList = EAD118E4278D738B0033E8EA /* Build configuration list for PBXNativeTarget "WestCoast-Cars" */;
			buildPhases = (
				EAD118CC278D738A0033E8EA /* Sources */,
				EAD118CD278D738A0033E8EA /* Frameworks */,
				EAD118CE278D738A0033E8EA /* Resources */,
			);
			buildRules = (
			);
			dependencies = (
			);
			name = "WestCoast-Cars";
			productName = "WestCoast-Cars";
			productReference = EAD118D0278D738A0033E8EA /* WestCoast-Cars.app */;
			productType = "com.apple.product-type.application";
		};
/* End PBXNativeTarget section */

/* Begin PBXProject section */
		EAD118C8278D738A0033E8EA /* Project object */ = {
			isa = PBXProject;
			attributes = {
				BuildIndependentTargetsInParallel = 1;
				LastSwiftUpdateCheck = 1320;
				LastUpgradeCheck = 1320;
				TargetAttributes = {
					EAD118CF278D738A0033E8EA = {
						CreatedOnToolsVersion = 13.2.1;
					};
				};
			};
			buildConfigurationList = EAD118CB278D738A0033E8EA /* Build configuration list for PBXProject "WestCoast-Cars" */;
			compatibilityVersion = "Xcode 13.0";
			developmentRegion = en;
			hasScannedForEncodings = 0;
			knownRegions = (
				en,
				Base,
			);
			mainGroup = EAD118C7278D738A0033E8EA;
			productRefGroup = EAD118D1278D738A0033E8EA /* Products */;
			projectDirPath = "";
			projectRoot = "";
			targets = (
				EAD118CF278D738A0033E8EA /* WestCoast-Cars */,
			);
		};
/* End PBXProject section */

/* Begin PBXResourcesBuildPhase section */
		EAD118CE278D738A0033E8EA /* Resources */ = {
			isa = PBXResourcesBuildPhase;
			buildActionMask = 2147483647;
			files = (
				EAD118E0278D738B0033E8EA /* LaunchScreen.storyboard in Resources */,
				EAD118DD278D738B0033E8EA /* Assets.xcassets in Resources */,
				EAD118DB278D738A0033E8EA /* Main.storyboard in Resources */,
			);
			runOnlyForDeploymentPostprocessing = 0;
		};
/* End PBXResourcesBuildPhase section */

/* Begin PBXSourcesBuildPhase section */
		EAD118CC278D738A0033E8EA /* Sources */ = {
			isa = PBXSourcesBuildPhase;
			buildActionMask = 2147483647;
			files = (
				EAD118D4278D738A0033E8EA /* AppDelegate.swift in Sources */,
				EAD118D6278D738A0033E8EA /* SceneDelegate.swift in Sources */,
				EAE6F71D2790617500EA3C8B /* MakeDetailHeaderView.swift in Sources */,
				EAD118E8278D85810033E8EA /* MakeTableViewCell.swift in Sources */,
				EAD118EC278DCB280033E8EA /* VehicleMakeDetailsViewController.swift in Sources */,
				EAD118EA278D8E7D0033E8EA /* VehicleMakeTableViewController.swift in Sources */,
				EAE6F7172790362F00EA3C8B /* ManufacturorDiffableDataSource.swift in Sources */,
				EAE6F715279031E900EA3C8B /* VehicleManufacturorModel.swift in Sources */,
			);
			runOnlyForDeploymentPostprocessing = 0;
		};
/* End PBXSourcesBuildPhase section */

/* Begin PBXVariantGroup section */
		EAD118D9278D738A0033E8EA /* Main.storyboard */ = {
			isa = PBXVariantGroup;
			children = (
				EAD118DA278D738A0033E8EA /* Base */,
			);
			name = Main.storyboard;
			sourceTree = "<group>";
		};
		EAD118DE278D738B0033E8EA /* LaunchScreen.storyboard */ = {
			isa = PBXVariantGroup;
			children = (
				EAD118DF278D738B0033E8EA /* Base */,
			);
			name = LaunchScreen.storyboard;
			sourceTree = "<group>";
		};
/* End PBXVariantGroup section */

/* Begin XCBuildConfiguration section */
		EAD118E2278D738B0033E8EA /* Debug */ = {
			isa = XCBuildConfiguration;
			buildSettings = {
				ALWAYS_SEARCH_USER_PATHS = NO;
				CLANG_ANALYZER_NONNULL = YES;
				CLANG_ANALYZER_NUMBER_OBJECT_CONVERSION = YES_AGGRESSIVE;
				CLANG_CXX_LANGUAGE_STANDARD = "gnu++17";
				CLANG_CXX_LIBRARY = "libc++";
				CLANG_ENABLE_MODULES = YES;
				CLANG_ENABLE_OBJC_ARC = YES;
				CLANG_ENABLE_OBJC_WEAK = YES;
				CLANG_WARN_BLOCK_CAPTURE_AUTORELEASING = YES;
				CLANG_WARN_BOOL_CONVERSION = YES;
				CLANG_WARN_COMMA = YES;
				CLANG_WARN_CONSTANT_CONVERSION = YES;
				CLANG_WARN_DEPRECATED_OBJC_IMPLEMENTATIONS = YES;
				CLANG_WARN_DIRECT_OBJC_ISA_USAGE = YES_ERROR;
				CLANG_WARN_DOCUMENTATION_COMMENTS = YES;
				CLANG_WARN_EMPTY_BODY = YES;
				CLANG_WARN_ENUM_CONVERSION = YES;
				CLANG_WARN_INFINITE_RECURSION = YES;
				CLANG_WARN_INT_CONVERSION = YES;
				CLANG_WARN_NON_LITERAL_NULL_CONVERSION = YES;
				CLANG_WARN_OBJC_IMPLICIT_RETAIN_SELF = YES;
				CLANG_WARN_OBJC_LITERAL_CONVERSION = YES;
				CLANG_WARN_OBJC_ROOT_CLASS = YES_ERROR;
				CLANG_WARN_QUOTED_INCLUDE_IN_FRAMEWORK_HEADER = YES;
				CLANG_WARN_RANGE_LOOP_ANALYSIS = YES;
				CLANG_WARN_STRICT_PROTOTYPES = YES;
				CLANG_WARN_SUSPICIOUS_MOVE = YES;
				CLANG_WARN_UNGUARDED_AVAILABILITY = YES_AGGRESSIVE;
				CLANG_WARN_UNREACHABLE_CODE = YES;
				CLANG_WARN__DUPLICATE_METHOD_MATCH = YES;
				COPY_PHASE_STRIP = NO;
				DEBUG_INFORMATION_FORMAT = dwarf;
				ENABLE_STRICT_OBJC_MSGSEND = YES;
				ENABLE_TESTABILITY = YES;
				GCC_C_LANGUAGE_STANDARD = gnu11;
				GCC_DYNAMIC_NO_PIC = NO;
				GCC_NO_COMMON_BLOCKS = YES;
				GCC_OPTIMIZATION_LEVEL = 0;
				GCC_PREPROCESSOR_DEFINITIONS = (
					"DEBUG=1",
					"$(inherited)",
				);
				GCC_WARN_64_TO_32_BIT_CONVERSION = YES;
				GCC_WARN_ABOUT_RETURN_TYPE = YES_ERROR;
				GCC_WARN_UNDECLARED_SELECTOR = YES;
				GCC_WARN_UNINITIALIZED_AUTOS = YES_AGGRESSIVE;
				GCC_WARN_UNUSED_FUNCTION = YES;
				GCC_WARN_UNUSED_VARIABLE = YES;
				IPHONEOS_DEPLOYMENT_TARGET = 15.2;
				MTL_ENABLE_DEBUG_INFO = INCLUDE_SOURCE;
				MTL_FAST_MATH = YES;
				ONLY_ACTIVE_ARCH = YES;
				SDKROOT = iphoneos;
				SWIFT_ACTIVE_COMPILATION_CONDITIONS = DEBUG;
				SWIFT_OPTIMIZATION_LEVEL = "-Onone";
			};
			name = Debug;
		};
		EAD118E3278D738B0033E8EA /* Release */ = {
			isa = XCBuildConfiguration;
			buildSettings = {
				ALWAYS_SEARCH_USER_PATHS = NO;
				CLANG_ANALYZER_NONNULL = YES;
				CLANG_ANALYZER_NUMBER_OBJECT_CONVERSION = YES_AGGRESSIVE;
				CLANG_CXX_LANGUAGE_STANDARD = "gnu++17";
				CLANG_CXX_LIBRARY = "libc++";
				CLANG_ENABLE_MODULES = YES;
				CLANG_ENABLE_OBJC_ARC = YES;
				CLANG_ENABLE_OBJC_WEAK = YES;
				CLANG_WARN_BLOCK_CAPTURE_AUTORELEASING = YES;
				CLANG_WARN_BOOL_CONVERSION = YES;
				CLANG_WARN_COMMA = YES;
				CLANG_WARN_CONSTANT_CONVERSION = YES;
				CLANG_WARN_DEPRECATED_OBJC_IMPLEMENTATIONS = YES;
				CLANG_WARN_DIRECT_OBJC_ISA_USAGE = YES_ERROR;
				CLANG_WARN_DOCUMENTATION_COMMENTS = YES;
				CLANG_WARN_EMPTY_BODY = YES;
				CLANG_WARN_ENUM_CONVERSION = YES;
				CLANG_WARN_INFINITE_RECURSION = YES;
				CLANG_WARN_INT_CONVERSION = YES;
				CLANG_WARN_NON_LITERAL_NULL_CONVERSION = YES;
				CLANG_WARN_OBJC_IMPLICIT_RETAIN_SELF = YES;
				CLANG_WARN_OBJC_LITERAL_CONVERSION = YES;
				CLANG_WARN_OBJC_ROOT_CLASS = YES_ERROR;
				CLANG_WARN_QUOTED_INCLUDE_IN_FRAMEWORK_HEADER = YES;
				CLANG_WARN_RANGE_LOOP_ANALYSIS = YES;
				CLANG_WARN_STRICT_PROTOTYPES = YES;
				CLANG_WARN_SUSPICIOUS_MOVE = YES;
				CLANG_WARN_UNGUARDED_AVAILABILITY = YES_AGGRESSIVE;
				CLANG_WARN_UNREACHABLE_CODE = YES;
				CLANG_WARN__DUPLICATE_METHOD_MATCH = YES;
				COPY_PHASE_STRIP = NO;
				DEBUG_INFORMATION_FORMAT = "dwarf-with-dsym";
				ENABLE_NS_ASSERTIONS = NO;
				ENABLE_STRICT_OBJC_MSGSEND = YES;
				GCC_C_LANGUAGE_STANDARD = gnu11;
				GCC_NO_COMMON_BLOCKS = YES;
				GCC_WARN_64_TO_32_BIT_CONVERSION = YES;
				GCC_WARN_ABOUT_RETURN_TYPE = YES_ERROR;
				GCC_WARN_UNDECLARED_SELECTOR = YES;
				GCC_WARN_UNINITIALIZED_AUTOS = YES_AGGRESSIVE;
				GCC_WARN_UNUSED_FUNCTION = YES;
				GCC_WARN_UNUSED_VARIABLE = YES;
				IPHONEOS_DEPLOYMENT_TARGET = 15.2;
				MTL_ENABLE_DEBUG_INFO = NO;
				MTL_FAST_MATH = YES;
				SDKROOT = iphoneos;
				SWIFT_COMPILATION_MODE = wholemodule;
				SWIFT_OPTIMIZATION_LEVEL = "-O";
				VALIDATE_PRODUCT = YES;
			};
			name = Release;
		};
		EAD118E5278D738B0033E8EA /* Debug */ = {
			isa = XCBuildConfiguration;
			buildSettings = {
				ASSETCATALOG_COMPILER_APPICON_NAME = AppIcon;
				ASSETCATALOG_COMPILER_GLOBAL_ACCENT_COLOR_NAME = AccentColor;
				CODE_SIGN_STYLE = Automatic;
				CURRENT_PROJECT_VERSION = 1;
				DEVELOPMENT_TEAM = C3SJT459K8;
				GENERATE_INFOPLIST_FILE = YES;
				INFOPLIST_FILE = "WestCoast-Cars/Info.plist";
				INFOPLIST_KEY_UIApplicationSupportsIndirectInputEvents = YES;
				INFOPLIST_KEY_UILaunchStoryboardName = LaunchScreen;
				INFOPLIST_KEY_UIMainStoryboardFile = Main;
				INFOPLIST_KEY_UISupportedInterfaceOrientations_iPad = "UIInterfaceOrientationPortrait UIInterfaceOrientationPortraitUpsideDown UIInterfaceOrientationLandscapeLeft UIInterfaceOrientationLandscapeRight";
				INFOPLIST_KEY_UISupportedInterfaceOrientations_iPhone = "UIInterfaceOrientationPortrait UIInterfaceOrientationLandscapeLeft UIInterfaceOrientationLandscapeRight";
				LD_RUNPATH_SEARCH_PATHS = (
					"$(inherited)",
					"@executable_path/Frameworks",
				);
				MARKETING_VERSION = 1.0;
				PRODUCT_BUNDLE_IDENTIFIER = "se.softtech-dev.WestCoast-Cars";
				PRODUCT_NAME = "$(TARGET_NAME)";
				SWIFT_EMIT_LOC_STRINGS = YES;
				SWIFT_VERSION = 5.0;
				TARGETED_DEVICE_FAMILY = "1,2";
			};
			name = Debug;
		};
		EAD118E6278D738B0033E8EA /* Release */ = {
			isa = XCBuildConfiguration;
			buildSettings = {
				ASSETCATALOG_COMPILER_APPICON_NAME = AppIcon;
				ASSETCATALOG_COMPILER_GLOBAL_ACCENT_COLOR_NAME = AccentColor;
				CODE_SIGN_STYLE = Automatic;
				CURRENT_PROJECT_VERSION = 1;
				DEVELOPMENT_TEAM = C3SJT459K8;
				GENERATE_INFOPLIST_FILE = YES;
				INFOPLIST_FILE = "WestCoast-Cars/Info.plist";
				INFOPLIST_KEY_UIApplicationSupportsIndirectInputEvents = YES;
				INFOPLIST_KEY_UILaunchStoryboardName = LaunchScreen;
				INFOPLIST_KEY_UIMainStoryboardFile = Main;
				INFOPLIST_KEY_UISupportedInterfaceOrientations_iPad = "UIInterfaceOrientationPortrait UIInterfaceOrientationPortraitUpsideDown UIInterfaceOrientationLandscapeLeft UIInterfaceOrientationLandscapeRight";
				INFOPLIST_KEY_UISupportedInterfaceOrientations_iPhone = "UIInterfaceOrientationPortrait UIInterfaceOrientationLandscapeLeft UIInterfaceOrientationLandscapeRight";
				LD_RUNPATH_SEARCH_PATHS = (
					"$(inherited)",
					"@executable_path/Frameworks",
				);
				MARKETING_VERSION = 1.0;
				PRODUCT_BUNDLE_IDENTIFIER = "se.softtech-dev.WestCoast-Cars";
				PRODUCT_NAME = "$(TARGET_NAME)";
				SWIFT_EMIT_LOC_STRINGS = YES;
				SWIFT_VERSION = 5.0;
				TARGETED_DEVICE_FAMILY = "1,2";
			};
			name = Release;
		};
/* End XCBuildConfiguration section */

/* Begin XCConfigurationList section */
		EAD118CB278D738A0033E8EA /* Build configuration list for PBXProject "WestCoast-Cars" */ = {
			isa = XCConfigurationList;
			buildConfigurations = (
				EAD118E2278D738B0033E8EA /* Debug */,
				EAD118E3278D738B0033E8EA /* Release */,
			);
			defaultConfigurationIsVisible = 0;
			defaultConfigurationName = Release;
		};
		EAD118E4278D738B0033E8EA /* Build configuration list for PBXNativeTarget "WestCoast-Cars" */ = {
			isa = XCConfigurationList;
			buildConfigurations = (
				EAD118E5278D738B0033E8EA /* Debug */,
				EAD118E6278D738B0033E8EA /* Release */,
			);
			defaultConfigurationIsVisible = 0;
			defaultConfigurationName = Release;
		};
/* End XCConfigurationList section */
	};
	rootObject = EAD118C8278D738A0033E8EA /* Project object */;
}
